// !$*UTF8*$!
{
	archiveVersion = 1;
	classes = {
	};
	objectVersion = 56;
	objects = {

/* Begin PBXBuildFile section */
		43C802C32DAF3FAF00FB1F76 /* AppDelegate.swift in Sources */ = {isa = PBXBuildFile; fileRef = 43C802C22DAF3FAF00FB1F76 /* AppDelegate.swift */; };
		43C802C52DAF3FAF00FB1F76 /* SceneDelegate.swift in Sources */ = {isa = PBXBuildFile; fileRef = 43C802C42DAF3FAF00FB1F76 /* SceneDelegate.swift */; };
		43C802C72DAF3FAF00FB1F76 /* ViewController.swift in Sources */ = {isa = PBXBuildFile; fileRef = 43C802C62DAF3FAF00FB1F76 /* ViewController.swift */; };
		43C802CA2DAF3FAF00FB1F76 /* Main.storyboard in Resources */ = {isa = PBXBuildFile; fileRef = 43C802C82DAF3FAF00FB1F76 /* Main.storyboard */; };
		43C802CD2DAF3FAF00FB1F76 /* Countries.xcdatamodeld in Sources */ = {isa = PBXBuildFile; fileRef = 43C802CB2DAF3FAF00FB1F76 /* Countries.xcdatamodeld */; };
		43C802CF2DAF3FB200FB1F76 /* Assets.xcassets in Resources */ = {isa = PBXBuildFile; fileRef = 43C802CE2DAF3FB200FB1F76 /* Assets.xcassets */; };
		43C802D22DAF3FB200FB1F76 /* LaunchScreen.storyboard in Resources */ = {isa = PBXBuildFile; fileRef = 43C802D02DAF3FB200FB1F76 /* LaunchScreen.storyboard */; };
		43C802DD2DAF3FB200FB1F76 /* CountriesTests.swift in Sources */ = {isa = PBXBuildFile; fileRef = 43C802DC2DAF3FB200FB1F76 /* CountriesTests.swift */; };
		43C802E72DAF3FB200FB1F76 /* CountriesUITests.swift in Sources */ = {isa = PBXBuildFile; fileRef = 43C802E62DAF3FB200FB1F76 /* CountriesUITests.swift */; };
		43C802E92DAF3FB200FB1F76 /* CountriesUITestsLaunchTests.swift in Sources */ = {isa = PBXBuildFile; fileRef = 43C802E82DAF3FB200FB1F76 /* CountriesUITestsLaunchTests.swift */; };
/* End PBXBuildFile section */

/* Begin PBXContainerItemProxy section */
		43C802D92DAF3FB200FB1F76 /* PBXContainerItemProxy */ = {
			isa = PBXContainerItemProxy;
			containerPortal = 43C802B72DAF3FAF00FB1F76 /* Project object */;
			proxyType = 1;
			remoteGlobalIDString = 43C802BE2DAF3FAF00FB1F76;
			remoteInfo = Countries;
		};
		43C802E32DAF3FB200FB1F76 /* PBXContainerItemProxy */ = {
			isa = PBXContainerItemProxy;
			containerPortal = 43C802B72DAF3FAF00FB1F76 /* Project object */;
			proxyType = 1;
			remoteGlobalIDString = 43C802BE2DAF3FAF00FB1F76;
			remoteInfo = Countries;
		};
/* End PBXContainerItemProxy section */

/* Begin PBXFileReference section */
		43C802BF2DAF3FAF00FB1F76 /* Countries.app */ = {isa = PBXFileReference; explicitFileType = wrapper.application; includeInIndex = 0; path = Countries.app; sourceTree = BUILT_PRODUCTS_DIR; };
		43C802C22DAF3FAF00FB1F76 /* AppDelegate.swift */ = {isa = PBXFileReference; lastKnownFileType = sourcecode.swift; path = AppDelegate.swift; sourceTree = "<group>"; };
		43C802C42DAF3FAF00FB1F76 /* SceneDelegate.swift */ = {isa = PBXFileReference; lastKnownFileType = sourcecode.swift; path = SceneDelegate.swift; sourceTree = "<group>"; };
		43C802C62DAF3FAF00FB1F76 /* ViewController.swift */ = {isa = PBXFileReference; lastKnownFileType = sourcecode.swift; path = ViewController.swift; sourceTree = "<group>"; };
		43C802C92DAF3FAF00FB1F76 /* Base */ = {isa = PBXFileReference; lastKnownFileType = file.storyboard; name = Base; path = Base.lproj/Main.storyboard; sourceTree = "<group>"; };
		43C802CC2DAF3FAF00FB1F76 /* Countries.xcdatamodel */ = {isa = PBXFileReference; lastKnownFileType = wrapper.xcdatamodel; path = Countries.xcdatamodel; sourceTree = "<group>"; };
		43C802CE2DAF3FB200FB1F76 /* Assets.xcassets */ = {isa = PBXFileReference; lastKnownFileType = folder.assetcatalog; path = Assets.xcassets; sourceTree = "<group>"; };
		43C802D12DAF3FB200FB1F76 /* Base */ = {isa = PBXFileReference; lastKnownFileType = file.storyboard; name = Base; path = Base.lproj/LaunchScreen.storyboard; sourceTree = "<group>"; };
		43C802D32DAF3FB200FB1F76 /* Info.plist */ = {isa = PBXFileReference; lastKnownFileType = text.plist.xml; path = Info.plist; sourceTree = "<group>"; };
		43C802D82DAF3FB200FB1F76 /* CountriesTests.xctest */ = {isa = PBXFileReference; explicitFileType = wrapper.cfbundle; includeInIndex = 0; path = CountriesTests.xctest; sourceTree = BUILT_PRODUCTS_DIR; };
		43C802DC2DAF3FB200FB1F76 /* CountriesTests.swift */ = {isa = PBXFileReference; lastKnownFileType = sourcecode.swift; path = CountriesTests.swift; sourceTree = "<group>"; };
		43C802E22DAF3FB200FB1F76 /* CountriesUITests.xctest */ = {isa = PBXFileReference; explicitFileType = wrapper.cfbundle; includeInIndex = 0; path = CountriesUITests.xctest; sourceTree = BUILT_PRODUCTS_DIR; };
		43C802E62DAF3FB200FB1F76 /* CountriesUITests.swift */ = {isa = PBXFileReference; lastKnownFileType = sourcecode.swift; path = CountriesUITests.swift; sourceTree = "<group>"; };
		43C802E82DAF3FB200FB1F76 /* CountriesUITestsLaunchTests.swift */ = {isa = PBXFileReference; lastKnownFileType = sourcecode.swift; path = CountriesUITestsLaunchTests.swift; sourceTree = "<group>"; };
/* End PBXFileReference section */

/* Begin PBXFrameworksBuildPhase section */
		43C802BC2DAF3FAF00FB1F76 /* Frameworks */ = {
			isa = PBXFrameworksBuildPhase;
			buildActionMask = 2147483647;
			files = (
			);
			runOnlyForDeploymentPostprocessing = 0;
		};
		43C802D52DAF3FB200FB1F76 /* Frameworks */ = {
			isa = PBXFrameworksBuildPhase;
			buildActionMask = 2147483647;
			files = (
			);
			runOnlyForDeploymentPostprocessing = 0;
		};
		43C802DF2DAF3FB200FB1F76 /* Frameworks */ = {
			isa = PBXFrameworksBuildPhase;
			buildActionMask = 2147483647;
			files = (
			);
			runOnlyForDeploymentPostprocessing = 0;
		};
/* End PBXFrameworksBuildPhase section */

/* Begin PBXGroup section */
		43C802B62DAF3FAF00FB1F76 = {
			isa = PBXGroup;
			children = (
				43C802C12DAF3FAF00FB1F76 /* Countries */,
				43C802DB2DAF3FB200FB1F76 /* CountriesTests */,
				43C802E52DAF3FB200FB1F76 /* CountriesUITests */,
				43C802C02DAF3FAF00FB1F76 /* Products */,
			);
			sourceTree = "<group>";
		};
		43C802C02DAF3FAF00FB1F76 /* Products */ = {
			isa = PBXGroup;
			children = (
				43C802BF2DAF3FAF00FB1F76 /* Countries.app */,
				43C802D82DAF3FB200FB1F76 /* CountriesTests.xctest */,
				43C802E22DAF3FB200FB1F76 /* CountriesUITests.xctest */,
			);
			name = Products;
			sourceTree = "<group>";
		};
		43C802C12DAF3FAF00FB1F76 /* Countries */ = {
			isa = PBXGroup;
			children = (
				43C802C22DAF3FAF00FB1F76 /* AppDelegate.swift */,
				43C802C42DAF3FAF00FB1F76 /* SceneDelegate.swift */,
				43C802C62DAF3FAF00FB1F76 /* ViewController.swift */,
				43C802C82DAF3FAF00FB1F76 /* Main.storyboard */,
				43C802CE2DAF3FB200FB1F76 /* Assets.xcassets */,
				43C802D02DAF3FB200FB1F76 /* LaunchScreen.storyboard */,
				43C802D32DAF3FB200FB1F76 /* Info.plist */,
				43C802CB2DAF3FAF00FB1F76 /* Countries.xcdatamodeld */,
			);
			path = Countries;
			sourceTree = "<group>";
		};
		43C802DB2DAF3FB200FB1F76 /* CountriesTests */ = {
			isa = PBXGroup;
			children = (
				43C802DC2DAF3FB200FB1F76 /* CountriesTests.swift */,
			);
			path = CountriesTests;
			sourceTree = "<group>";
		};
		43C802E52DAF3FB200FB1F76 /* CountriesUITests */ = {
			isa = PBXGroup;
			children = (
				43C802E62DAF3FB200FB1F76 /* CountriesUITests.swift */,
				43C802E82DAF3FB200FB1F76 /* CountriesUITestsLaunchTests.swift */,
			);
			path = CountriesUITests;
			sourceTree = "<group>";
		};
/* End PBXGroup section */

/* Begin PBXNativeTarget section */
		43C802BE2DAF3FAF00FB1F76 /* Countries */ = {
			isa = PBXNativeTarget;
			buildConfigurationList = 43C802EC2DAF3FB200FB1F76 /* Build configuration list for PBXNativeTarget "Countries" */;
			buildPhases = (
				43C802BB2DAF3FAF00FB1F76 /* Sources */,
				43C802BC2DAF3FAF00FB1F76 /* Frameworks */,
				43C802BD2DAF3FAF00FB1F76 /* Resources */,
			);
			buildRules = (
			);
			dependencies = (
			);
			name = Countries;
			productName = Countries;
			productReference = 43C802BF2DAF3FAF00FB1F76 /* Countries.app */;
			productType = "com.apple.product-type.application";
		};
		43C802D72DAF3FB200FB1F76 /* CountriesTests */ = {
			isa = PBXNativeTarget;
			buildConfigurationList = 43C802EF2DAF3FB200FB1F76 /* Build configuration list for PBXNativeTarget "CountriesTests" */;
			buildPhases = (
				43C802D42DAF3FB200FB1F76 /* Sources */,
				43C802D52DAF3FB200FB1F76 /* Frameworks */,
				43C802D62DAF3FB200FB1F76 /* Resources */,
			);
			buildRules = (
			);
			dependencies = (
				43C802DA2DAF3FB200FB1F76 /* PBXTargetDependency */,
			);
			name = CountriesTests;
			productName = CountriesTests;
			productReference = 43C802D82DAF3FB200FB1F76 /* CountriesTests.xctest */;
			productType = "com.apple.product-type.bundle.unit-test";
		};
		43C802E12DAF3FB200FB1F76 /* CountriesUITests */ = {
			isa = PBXNativeTarget;
			buildConfigurationList = 43C802F22DAF3FB200FB1F76 /* Build configuration list for PBXNativeTarget "CountriesUITests" */;
			buildPhases = (
				43C802DE2DAF3FB200FB1F76 /* Sources */,
				43C802DF2DAF3FB200FB1F76 /* Frameworks */,
				43C802E02DAF3FB200FB1F76 /* Resources */,
			);
			buildRules = (
			);
			dependencies = (
				43C802E42DAF3FB200FB1F76 /* PBXTargetDependency */,
			);
			name = CountriesUITests;
			productName = CountriesUITests;
			productReference = 43C802E22DAF3FB200FB1F76 /* CountriesUITests.xctest */;
			productType = "com.apple.product-type.bundle.ui-testing";
		};
/* End PBXNativeTarget section */

/* Begin PBXProject section */
		43C802B72DAF3FAF00FB1F76 /* Project object */ = {
			isa = PBXProject;
			attributes = {
				BuildIndependentTargetsInParallel = 1;
				LastSwiftUpdateCheck = 1500;
				LastUpgradeCheck = 1500;
				TargetAttributes = {
					43C802BE2DAF3FAF00FB1F76 = {
						CreatedOnToolsVersion = 15.0.1;
					};
					43C802D72DAF3FB200FB1F76 = {
						CreatedOnToolsVersion = 15.0.1;
						TestTargetID = 43C802BE2DAF3FAF00FB1F76;
					};
					43C802E12DAF3FB200FB1F76 = {
						CreatedOnToolsVersion = 15.0.1;
						TestTargetID = 43C802BE2DAF3FAF00FB1F76;
					};
				};
			};
			buildConfigurationList = 43C802BA2DAF3FAF00FB1F76 /* Build configuration list for PBXProject "Countries" */;
			compatibilityVersion = "Xcode 14.0";
			developmentRegion = en;
			hasScannedForEncodings = 0;
			knownRegions = (
				en,
				Base,
			);
			mainGroup = 43C802B62DAF3FAF00FB1F76;
			productRefGroup = 43C802C02DAF3FAF00FB1F76 /* Products */;
			projectDirPath = "";
			projectRoot = "";
			targets = (
				43C802BE2DAF3FAF00FB1F76 /* Countries */,
				43C802D72DAF3FB200FB1F76 /* CountriesTests */,
				43C802E12DAF3FB200FB1F76 /* CountriesUITests */,
			);
		};
/* End PBXProject section */

/* Begin PBXResourcesBuildPhase section */
		43C802BD2DAF3FAF00FB1F76 /* Resources */ = {
			isa = PBXResourcesBuildPhase;
			buildActionMask = 2147483647;
			files = (
				43C802D22DAF3FB200FB1F76 /* LaunchScreen.storyboard in Resources */,
				43C802CF2DAF3FB200FB1F76 /* Assets.xcassets in Resources */,
				43C802CA2DAF3FAF00FB1F76 /* Main.storyboard in Resources */,
			);
			runOnlyForDeploymentPostprocessing = 0;
		};
		43C802D62DAF3FB200FB1F76 /* Resources */ = {
			isa = PBXResourcesBuildPhase;
			buildActionMask = 2147483647;
			files = (
			);
			runOnlyForDeploymentPostprocessing = 0;
		};
		43C802E02DAF3FB200FB1F76 /* Resources */ = {
			isa = PBXResourcesBuildPhase;
			buildActionMask = 2147483647;
			files = (
			);
			runOnlyForDeploymentPostprocessing = 0;
		};
/* End PBXResourcesBuildPhase section */

/* Begin PBXSourcesBuildPhase section */
		43C802BB2DAF3FAF00FB1F76 /* Sources */ = {
			isa = PBXSourcesBuildPhase;
			buildActionMask = 2147483647;
			files = (
				43C802C72DAF3FAF00FB1F76 /* ViewController.swift in Sources */,
				43C802C32DAF3FAF00FB1F76 /* AppDelegate.swift in Sources */,
				43C802CD2DAF3FAF00FB1F76 /* Countries.xcdatamodeld in Sources */,
				43C802C52DAF3FAF00FB1F76 /* SceneDelegate.swift in Sources */,
			);
			runOnlyForDeploymentPostprocessing = 0;
		};
		43C802D42DAF3FB200FB1F76 /* Sources */ = {
			isa = PBXSourcesBuildPhase;
			buildActionMask = 2147483647;
			files = (
				43C802DD2DAF3FB200FB1F76 /* CountriesTests.swift in Sources */,
			);
			runOnlyForDeploymentPostprocessing = 0;
		};
		43C802DE2DAF3FB200FB1F76 /* Sources */ = {
			isa = PBXSourcesBuildPhase;
			buildActionMask = 2147483647;
			files = (
				43C802E72DAF3FB200FB1F76 /* CountriesUITests.swift in Sources */,
				43C802E92DAF3FB200FB1F76 /* CountriesUITestsLaunchTests.swift in Sources */,
			);
			runOnlyForDeploymentPostprocessing = 0;
		};
/* End PBXSourcesBuildPhase section */

/* Begin PBXTargetDependency section */
		43C802DA2DAF3FB200FB1F76 /* PBXTargetDependency */ = {
			isa = PBXTargetDependency;
			target = 43C802BE2DAF3FAF00FB1F76 /* Countries */;
			targetProxy = 43C802D92DAF3FB200FB1F76 /* PBXContainerItemProxy */;
		};
		43C802E42DAF3FB200FB1F76 /* PBXTargetDependency */ = {
			isa = PBXTargetDependency;
			target = 43C802BE2DAF3FAF00FB1F76 /* Countries */;
			targetProxy = 43C802E32DAF3FB200FB1F76 /* PBXContainerItemProxy */;
		};
/* End PBXTargetDependency section */

/* Begin PBXVariantGroup section */
		43C802C82DAF3FAF00FB1F76 /* Main.storyboard */ = {
			isa = PBXVariantGroup;
			children = (
				43C802C92DAF3FAF00FB1F76 /* Base */,
			);
			name = Main.storyboard;
			sourceTree = "<group>";
		};
		43C802D02DAF3FB200FB1F76 /* LaunchScreen.storyboard */ = {
			isa = PBXVariantGroup;
			children = (
				43C802D12DAF3FB200FB1F76 /* Base */,
			);
			name = LaunchScreen.storyboard;
			sourceTree = "<group>";
		};
/* End PBXVariantGroup section */

/* Begin XCBuildConfiguration section */
		43C802EA2DAF3FB200FB1F76 /* Debug */ = {
			isa = XCBuildConfiguration;
			buildSettings = {
				ALWAYS_SEARCH_USER_PATHS = NO;
				ASSETCATALOG_COMPILER_GENERATE_SWIFT_ASSET_SYMBOL_EXTENSIONS = YES;
				CLANG_ANALYZER_NONNULL = YES;
				CLANG_ANALYZER_NUMBER_OBJECT_CONVERSION = YES_AGGRESSIVE;
				CLANG_CXX_LANGUAGE_STANDARD = "gnu++20";
				CLANG_ENABLE_MODULES = YES;
				CLANG_ENABLE_OBJC_ARC = YES;
				CLANG_ENABLE_OBJC_WEAK = YES;
				CLANG_WARN_BLOCK_CAPTURE_AUTORELEASING = YES;
				CLANG_WARN_BOOL_CONVERSION = YES;
				CLANG_WARN_COMMA = YES;
				CLANG_WARN_CONSTANT_CONVERSION = YES;
				CLANG_WARN_DEPRECATED_OBJC_IMPLEMENTATIONS = YES;
				CLANG_WARN_DIRECT_OBJC_ISA_USAGE = YES_ERROR;
				CLANG_WARN_DOCUMENTATION_COMMENTS = YES;
				CLANG_WARN_EMPTY_BODY = YES;
				CLANG_WARN_ENUM_CONVERSION = YES;
				CLANG_WARN_INFINITE_RECURSION = YES;
				CLANG_WARN_INT_CONVERSION = YES;
				CLANG_WARN_NON_LITERAL_NULL_CONVERSION = YES;
				CLANG_WARN_OBJC_IMPLICIT_RETAIN_SELF = YES;
				CLANG_WARN_OBJC_LITERAL_CONVERSION = YES;
				CLANG_WARN_OBJC_ROOT_CLASS = YES_ERROR;
				CLANG_WARN_QUOTED_INCLUDE_IN_FRAMEWORK_HEADER = YES;
				CLANG_WARN_RANGE_LOOP_ANALYSIS = YES;
				CLANG_WARN_STRICT_PROTOTYPES = YES;
				CLANG_WARN_SUSPICIOUS_MOVE = YES;
				CLANG_WARN_UNGUARDED_AVAILABILITY = YES_AGGRESSIVE;
				CLANG_WARN_UNREACHABLE_CODE = YES;
				CLANG_WARN__DUPLICATE_METHOD_MATCH = YES;
				COPY_PHASE_STRIP = NO;
				DEBUG_INFORMATION_FORMAT = dwarf;
				ENABLE_STRICT_OBJC_MSGSEND = YES;
				ENABLE_TESTABILITY = YES;
				ENABLE_USER_SCRIPT_SANDBOXING = YES;
				GCC_C_LANGUAGE_STANDARD = gnu17;
				GCC_DYNAMIC_NO_PIC = NO;
				GCC_NO_COMMON_BLOCKS = YES;
				GCC_OPTIMIZATION_LEVEL = 0;
				GCC_PREPROCESSOR_DEFINITIONS = (
					"DEBUG=1",
					"$(inherited)",
				);
				GCC_WARN_64_TO_32_BIT_CONVERSION = YES;
				GCC_WARN_ABOUT_RETURN_TYPE = YES_ERROR;
				GCC_WARN_UNDECLARED_SELECTOR = YES;
				GCC_WARN_UNINITIALIZED_AUTOS = YES_AGGRESSIVE;
				GCC_WARN_UNUSED_FUNCTION = YES;
				GCC_WARN_UNUSED_VARIABLE = YES;
				IPHONEOS_DEPLOYMENT_TARGET = 17.0;
				LOCALIZATION_PREFERS_STRING_CATALOGS = YES;
				MTL_ENABLE_DEBUG_INFO = INCLUDE_SOURCE;
				MTL_FAST_MATH = YES;
				ONLY_ACTIVE_ARCH = YES;
				SDKROOT = iphoneos;
				SWIFT_ACTIVE_COMPILATION_CONDITIONS = "DEBUG $(inherited)";
				SWIFT_OPTIMIZATION_LEVEL = "-Onone";
			};
			name = Debug;
		};
		43C802EB2DAF3FB200FB1F76 /* Release */ = {
			isa = XCBuildConfiguration;
			buildSettings = {
				ALWAYS_SEARCH_USER_PATHS = NO;
				ASSETCATALOG_COMPILER_GENERATE_SWIFT_ASSET_SYMBOL_EXTENSIONS = YES;
				CLANG_ANALYZER_NONNULL = YES;
				CLANG_ANALYZER_NUMBER_OBJECT_CONVERSION = YES_AGGRESSIVE;
				CLANG_CXX_LANGUAGE_STANDARD = "gnu++20";
				CLANG_ENABLE_MODULES = YES;
				CLANG_ENABLE_OBJC_ARC = YES;
				CLANG_ENABLE_OBJC_WEAK = YES;
				CLANG_WARN_BLOCK_CAPTURE_AUTORELEASING = YES;
				CLANG_WARN_BOOL_CONVERSION = YES;
				CLANG_WARN_COMMA = YES;
				CLANG_WARN_CONSTANT_CONVERSION = YES;
				CLANG_WARN_DEPRECATED_OBJC_IMPLEMENTATIONS = YES;
				CLANG_WARN_DIRECT_OBJC_ISA_USAGE = YES_ERROR;
				CLANG_WARN_DOCUMENTATION_COMMENTS = YES;
				CLANG_WARN_EMPTY_BODY = YES;
				CLANG_WARN_ENUM_CONVERSION = YES;
				CLANG_WARN_INFINITE_RECURSION = YES;
				CLANG_WARN_INT_CONVERSION = YES;
				CLANG_WARN_NON_LITERAL_NULL_CONVERSION = YES;
				CLANG_WARN_OBJC_IMPLICIT_RETAIN_SELF = YES;
				CLANG_WARN_OBJC_LITERAL_CONVERSION = YES;
				CLANG_WARN_OBJC_ROOT_CLASS = YES_ERROR;
				CLANG_WARN_QUOTED_INCLUDE_IN_FRAMEWORK_HEADER = YES;
				CLANG_WARN_RANGE_LOOP_ANALYSIS = YES;
				CLANG_WARN_STRICT_PROTOTYPES = YES;
				CLANG_WARN_SUSPICIOUS_MOVE = YES;
				CLANG_WARN_UNGUARDED_AVAILABILITY = YES_AGGRESSIVE;
				CLANG_WARN_UNREACHABLE_CODE = YES;
				CLANG_WARN__DUPLICATE_METHOD_MATCH = YES;
				COPY_PHASE_STRIP = NO;
				DEBUG_INFORMATION_FORMAT = "dwarf-with-dsym";
				ENABLE_NS_ASSERTIONS = NO;
				ENABLE_STRICT_OBJC_MSGSEND = YES;
				ENABLE_USER_SCRIPT_SANDBOXING = YES;
				GCC_C_LANGUAGE_STANDARD = gnu17;
				GCC_NO_COMMON_BLOCKS = YES;
				GCC_WARN_64_TO_32_BIT_CONVERSION = YES;
				GCC_WARN_ABOUT_RETURN_TYPE = YES_ERROR;
				GCC_WARN_UNDECLARED_SELECTOR = YES;
				GCC_WARN_UNINITIALIZED_AUTOS = YES_AGGRESSIVE;
				GCC_WARN_UNUSED_FUNCTION = YES;
				GCC_WARN_UNUSED_VARIABLE = YES;
				IPHONEOS_DEPLOYMENT_TARGET = 17.0;
				LOCALIZATION_PREFERS_STRING_CATALOGS = YES;
				MTL_ENABLE_DEBUG_INFO = NO;
				MTL_FAST_MATH = YES;
				SDKROOT = iphoneos;
				SWIFT_COMPILATION_MODE = wholemodule;
				VALIDATE_PRODUCT = YES;
			};
			name = Release;
		};
		43C802ED2DAF3FB200FB1F76 /* Debug */ = {
			isa = XCBuildConfiguration;
			buildSettings = {
				ASSETCATALOG_COMPILER_APPICON_NAME = AppIcon;
				ASSETCATALOG_COMPILER_GLOBAL_ACCENT_COLOR_NAME = AccentColor;
				CODE_SIGN_STYLE = Automatic;
				CURRENT_PROJECT_VERSION = 1;
				DEVELOPMENT_TEAM = MP829Z424G;
				GENERATE_INFOPLIST_FILE = YES;
				INFOPLIST_FILE = Countries/Info.plist;
				INFOPLIST_KEY_UIApplicationSupportsIndirectInputEvents = YES;
				INFOPLIST_KEY_UILaunchStoryboardName = LaunchScreen;
				INFOPLIST_KEY_UIMainStoryboardFile = Main;
				INFOPLIST_KEY_UISupportedInterfaceOrientations_iPad = "UIInterfaceOrientationPortrait UIInterfaceOrientationPortraitUpsideDown UIInterfaceOrientationLandscapeLeft UIInterfaceOrientationLandscapeRight";
				INFOPLIST_KEY_UISupportedInterfaceOrientations_iPhone = "UIInterfaceOrientationPortrait UIInterfaceOrientationLandscapeLeft UIInterfaceOrientationLandscapeRight";
				LD_RUNPATH_SEARCH_PATHS = (
					"$(inherited)",
					"@executable_path/Frameworks",
				);
				MARKETING_VERSION = 1.0;
				PRODUCT_BUNDLE_IDENTIFIER = sharapov.Countries;
				PRODUCT_NAME = "$(TARGET_NAME)";
				SWIFT_EMIT_LOC_STRINGS = YES;
				SWIFT_VERSION = 5.0;
				TARGETED_DEVICE_FAMILY = "1,2";
			};
			name = Debug;
		};
		43C802EE2DAF3FB200FB1F76 /* Release */ = {
			isa = XCBuildConfiguration;
			buildSettings = {
				ASSETCATALOG_COMPILER_APPICON_NAME = AppIcon;
				ASSETCATALOG_COMPILER_GLOBAL_ACCENT_COLOR_NAME = AccentColor;
				CODE_SIGN_STYLE = Automatic;
				CURRENT_PROJECT_VERSION = 1;
				DEVELOPMENT_TEAM = MP829Z424G;
				GENERATE_INFOPLIST_FILE = YES;
				INFOPLIST_FILE = Countries/Info.plist;
				INFOPLIST_KEY_UIApplicationSupportsIndirectInputEvents = YES;
				INFOPLIST_KEY_UILaunchStoryboardName = LaunchScreen;
				INFOPLIST_KEY_UIMainStoryboardFile = Main;
				INFOPLIST_KEY_UISupportedInterfaceOrientations_iPad = "UIInterfaceOrientationPortrait UIInterfaceOrientationPortraitUpsideDown UIInterfaceOrientationLandscapeLeft UIInterfaceOrientationLandscapeRight";
				INFOPLIST_KEY_UISupportedInterfaceOrientations_iPhone = "UIInterfaceOrientationPortrait UIInterfaceOrientationLandscapeLeft UIInterfaceOrientationLandscapeRight";
				LD_RUNPATH_SEARCH_PATHS = (
					"$(inherited)",
					"@executable_path/Frameworks",
				);
				MARKETING_VERSION = 1.0;
				PRODUCT_BUNDLE_IDENTIFIER = sharapov.Countries;
				PRODUCT_NAME = "$(TARGET_NAME)";
				SWIFT_EMIT_LOC_STRINGS = YES;
				SWIFT_VERSION = 5.0;
				TARGETED_DEVICE_FAMILY = "1,2";
			};
			name = Release;
		};
		43C802F02DAF3FB200FB1F76 /* Debug */ = {
			isa = XCBuildConfiguration;
			buildSettings = {
				ALWAYS_EMBED_SWIFT_STANDARD_LIBRARIES = YES;
				BUNDLE_LOADER = "$(TEST_HOST)";
				CODE_SIGN_STYLE = Automatic;
				CURRENT_PROJECT_VERSION = 1;
				DEVELOPMENT_TEAM = MP829Z424G;
				GENERATE_INFOPLIST_FILE = YES;
				IPHONEOS_DEPLOYMENT_TARGET = 17.0;
				MARKETING_VERSION = 1.0;
				PRODUCT_BUNDLE_IDENTIFIER = sharapov.CountriesTests;
				PRODUCT_NAME = "$(TARGET_NAME)";
				SWIFT_EMIT_LOC_STRINGS = NO;
				SWIFT_VERSION = 5.0;
				TARGETED_DEVICE_FAMILY = "1,2";
				TEST_HOST = "$(BUILT_PRODUCTS_DIR)/Countries.app/$(BUNDLE_EXECUTABLE_FOLDER_PATH)/Countries";
			};
			name = Debug;
		};
		43C802F12DAF3FB200FB1F76 /* Release */ = {
			isa = XCBuildConfiguration;
			buildSettings = {
				ALWAYS_EMBED_SWIFT_STANDARD_LIBRARIES = YES;
				BUNDLE_LOADER = "$(TEST_HOST)";
				CODE_SIGN_STYLE = Automatic;
				CURRENT_PROJECT_VERSION = 1;
				DEVELOPMENT_TEAM = MP829Z424G;
				GENERATE_INFOPLIST_FILE = YES;
				IPHONEOS_DEPLOYMENT_TARGET = 17.0;
				MARKETING_VERSION = 1.0;
				PRODUCT_BUNDLE_IDENTIFIER = sharapov.CountriesTests;
				PRODUCT_NAME = "$(TARGET_NAME)";
				SWIFT_EMIT_LOC_STRINGS = NO;
				SWIFT_VERSION = 5.0;
				TARGETED_DEVICE_FAMILY = "1,2";
				TEST_HOST = "$(BUILT_PRODUCTS_DIR)/Countries.app/$(BUNDLE_EXECUTABLE_FOLDER_PATH)/Countries";
			};
			name = Release;
		};
		43C802F32DAF3FB200FB1F76 /* Debug */ = {
			isa = XCBuildConfiguration;
			buildSettings = {
				ALWAYS_EMBED_SWIFT_STANDARD_LIBRARIES = YES;
				CODE_SIGN_STYLE = Automatic;
				CURRENT_PROJECT_VERSION = 1;
				DEVELOPMENT_TEAM = MP829Z424G;
				GENERATE_INFOPLIST_FILE = YES;
				MARKETING_VERSION = 1.0;
				PRODUCT_BUNDLE_IDENTIFIER = sharapov.CountriesUITests;
				PRODUCT_NAME = "$(TARGET_NAME)";
				SWIFT_EMIT_LOC_STRINGS = NO;
				SWIFT_VERSION = 5.0;
				TARGETED_DEVICE_FAMILY = "1,2";
				TEST_TARGET_NAME = Countries;
			};
			name = Debug;
		};
		43C802F42DAF3FB200FB1F76 /* Release */ = {
			isa = XCBuildConfiguration;
			buildSettings = {
				ALWAYS_EMBED_SWIFT_STANDARD_LIBRARIES = YES;
				CODE_SIGN_STYLE = Automatic;
				CURRENT_PROJECT_VERSION = 1;
				DEVELOPMENT_TEAM = MP829Z424G;
				GENERATE_INFOPLIST_FILE = YES;
				MARKETING_VERSION = 1.0;
				PRODUCT_BUNDLE_IDENTIFIER = sharapov.CountriesUITests;
				PRODUCT_NAME = "$(TARGET_NAME)";
				SWIFT_EMIT_LOC_STRINGS = NO;
				SWIFT_VERSION = 5.0;
				TARGETED_DEVICE_FAMILY = "1,2";
				TEST_TARGET_NAME = Countries;
			};
			name = Release;
		};
/* End XCBuildConfiguration section */

/* Begin XCConfigurationList section */
		43C802BA2DAF3FAF00FB1F76 /* Build configuration list for PBXProject "Countries" */ = {
			isa = XCConfigurationList;
			buildConfigurations = (
				43C802EA2DAF3FB200FB1F76 /* Debug */,
				43C802EB2DAF3FB200FB1F76 /* Release */,
			);
			defaultConfigurationIsVisible = 0;
			defaultConfigurationName = Release;
		};
		43C802EC2DAF3FB200FB1F76 /* Build configuration list for PBXNativeTarget "Countries" */ = {
			isa = XCConfigurationList;
			buildConfigurations = (
				43C802ED2DAF3FB200FB1F76 /* Debug */,
				43C802EE2DAF3FB200FB1F76 /* Release */,
			);
			defaultConfigurationIsVisible = 0;
			defaultConfigurationName = Release;
		};
		43C802EF2DAF3FB200FB1F76 /* Build configuration list for PBXNativeTarget "CountriesTests" */ = {
			isa = XCConfigurationList;
			buildConfigurations = (
				43C802F02DAF3FB200FB1F76 /* Debug */,
				43C802F12DAF3FB200FB1F76 /* Release */,
			);
			defaultConfigurationIsVisible = 0;
			defaultConfigurationName = Release;
		};
		43C802F22DAF3FB200FB1F76 /* Build configuration list for PBXNativeTarget "CountriesUITests" */ = {
			isa = XCConfigurationList;
			buildConfigurations = (
				43C802F32DAF3FB200FB1F76 /* Debug */,
				43C802F42DAF3FB200FB1F76 /* Release */,
			);
			defaultConfigurationIsVisible = 0;
			defaultConfigurationName = Release;
		};
/* End XCConfigurationList section */

/* Begin XCVersionGroup section */
		43C802CB2DAF3FAF00FB1F76 /* Countries.xcdatamodeld */ = {
			isa = XCVersionGroup;
			children = (
				43C802CC2DAF3FAF00FB1F76 /* Countries.xcdatamodel */,
			);
			currentVersion = 43C802CC2DAF3FAF00FB1F76 /* Countries.xcdatamodel */;
			path = Countries.xcdatamodeld;
			sourceTree = "<group>";
			versionGroupType = wrapper.xcdatamodel;
		};
/* End XCVersionGroup section */
	};
	rootObject = 43C802B72DAF3FAF00FB1F76 /* Project object */;
}
